
Microsoft Visual Studio Solution File, Format Version 12.00
# Visual Studio Version 17
VisualStudioVersion = 17.4.33205.214
MinimumVisualStudioVersion = 10.0.40219.1
Project("{9A19103F-16F7-4668-BE54-9A1E7A4F7556}") = "GiautinAES", "GiautinAES\GiautinAES.csproj", "{CAC73EE8-F417-4A85-9031-773E28B83433}"
EndProject
Global
	GlobalSection(SolutionConfigurationPlatforms) = preSolution
		Debug|Any CPU = Debug|Any CPU
		Release|Any CPU = Release|Any CPU
	EndGlobalSection
	GlobalSection(ProjectConfigurationPlatforms) = postSolution
		{CAC73EE8-F417-4A85-9031-773E28B83433}.Debug|Any CPU.ActiveCfg = Debug|Any CPU
		{CAC73EE8-F417-4A85-9031-773E28B83433}.Debug|Any CPU.Build.0 = Debug|Any CPU
		{CAC73EE8-F417-4A85-9031-773E28B83433}.Release|Any CPU.ActiveCfg = Release|Any CPU
		{CAC73EE8-F417-4A85-9031-773E28B83433}.Release|Any CPU.Build.0 = Release|Any CPU
	EndGlobalSection
	GlobalSection(SolutionProperties) = preSolution
		HideSolutionNode = FALSE
	EndGlobalSection
	GlobalSection(ExtensibilityGlobals) = postSolution
		SolutionGuid = {E6DF365E-4212-4CE2-AB64-F270C6CDE7F7}
	EndGlobalSection
EndGlobal
